{"R": {"Version": "4.3.3", "Repositories": [{"Name": "CRAN", "URL": "https://cloud.r-project.org"}]}, "Bioconductor": {"Version": "3.18"}, "Packages": {"ape": {"Package": "ape", "Version": "5.8", "Source": "Repository", "Repository": "CRAN", "Requirements": ["R", "nlme", "lattice", "parallel"]}, "phangorn": {"Package": "phangorn", "Version": "2.12.1", "Source": "Repository", "Repository": "CRAN", "Requirements": ["R", "ape", "digest", "fastmatch", "generics", "igraph", "matrixStats", "parallel", "quadprog"]}, "ggplot2": {"Package": "ggplot2", "Version": "3.5.1", "Source": "Repository", "Repository": "CRAN", "Requirements": ["R", "cli", "glue", "gtable", "isoband", "lifecycle", "MASS", "mgcv", "rlang", "scales", "stats", "tibble", "vctrs", "withr"]}, "dplyr": {"Package": "dplyr", "Version": "1.1.4", "Source": "Repository", "Repository": "CRAN", "Requirements": ["R", "cli", "generics", "glue", "lifecycle", "magrittr", "pillar", "R6", "rlang", "tibble", "tidyselect", "vctrs"]}, "readr": {"Package": "readr", "Version": "2.1.5", "Source": "Repository", "Repository": "CRAN", "Requirements": ["R", "cli", "clipr", "crayon", "hms", "lifecycle", "R6", "rlang", "tibble", "tzdb", "vroom"]}, "tidyr": {"Package": "tidyr", "Version": "1.3.1", "Source": "Repository", "Repository": "CRAN", "Requirements": ["R", "cli", "dplyr", "glue", "lifecycle", "magrittr", "purrr", "rlang", "stringr", "tibble", "tidyselect", "vctrs"]}, "yaml": {"Package": "yaml", "Version": "2.3.8", "Source": "Repository", "Repository": "CRAN", "Requirements": []}, "jsonlite": {"Package": "jsonlite", "Version": "1.8.8", "Source": "Repository", "Repository": "CRAN", "Requirements": ["methods"]}, "stringr": {"Package": "stringr", "Version": "1.5.1", "Source": "Repository", "Repository": "CRAN", "Requirements": ["R", "cli", "glue", "lifecycle", "magrittr", "rlang", "stringi", "vctrs"]}, "purrr": {"Package": "purrr", "Version": "1.0.2", "Source": "Repository", "Repository": "CRAN", "Requirements": ["R", "cli", "lifecycle", "magrittr", "rlang", "vctrs"]}, "optparse": {"Package": "optparse", "Version": "1.7.5", "Source": "Repository", "Repository": "CRAN", "Requirements": ["R", "getopt", "methods"]}, "glue": {"Package": "glue", "Version": "1.7.0", "Source": "Repository", "Repository": "CRAN", "Requirements": ["R", "methods"]}, "BiocManager": {"Package": "BiocManager", "Version": "1.30.23", "Source": "Repository", "Repository": "CRAN", "Requirements": ["R", "utils"]}, "Biostrings": {"Package": "Biostrings", "Version": "2.70.3", "Source": "Bioconductor", "Repository": "Bioconductor 3.18", "Requirements": ["R", "BiocGenerics", "GenomeInfoDb", "IRanges", "S4Vectors", "XVector", "methods", "utils", "grDevices", "graphics", "stats"]}, "ggtree": {"Package": "ggtree", "Version": "3.10.1", "Source": "Bioconductor", "Repository": "Bioconductor 3.18", "Requirements": ["R", "ape", "aplot", "dplyr", "ggfun", "ggplot2", "magrittr", "purrr", "rlang", "scales", "stats", "tidyr", "tidytree", "utils", "yulab.utils"]}, "treeio": {"Package": "treeio", "Version": "1.26.0", "Source": "Bioconductor", "Repository": "Bioconductor 3.18", "Requirements": ["R", "ape", "dplyr", "jsonlite", "magrittr", "methods", "rlang", "stats", "tibble", "tidytree", "utils"]}, "tidytree": {"Package": "tidytree", "Version": "0.4.6", "Source": "Bioconductor", "Repository": "Bioconductor 3.18", "Requirements": ["R", "ape", "cli", "dplyr", "lazyeval", "magrittr", "methods", "pillar", "rlang", "stats", "tibble", "tidyr", "tidyselect", "treeio", "utils", "yulab.utils"]}, "ggtreeExtra": {"Package": "ggtreeExtra", "Version": "1.12.0", "Source": "Bioconductor", "Repository": "Bioconductor 3.18", "Requirements": ["R", "ggplot2", "ggtree", "dplyr", "rlang", "magrittr", "stats", "utils"]}}}